
Microsoft Visual Studio Solution File, Format Version 12.00
# Visual Studio Version 16
VisualStudioVersion = 16.0.31702.278
MinimumVisualStudioVersion = 10.0.40219.1
Project("{9A19103F-16F7-4668-BE54-9A1E7A4F7556}") = "bank", "bank.csproj", "{C82D0CA3-AEFB-4CBC-953C-F2A97B9B2402}"
EndProject
Project("{FAE04EC0-301F-11D3-BF4B-00C04F79EFBC}") = "ConsoleApp1", "..\ConsoleApp1\ConsoleApp1.csproj", "{FA392597-B763-4235-A094-5B29B7993A78}"
EndProject
Global
	GlobalSection(SolutionConfigurationPlatforms) = preSolution
		Debug|Any CPU = Debug|Any CPU
		Release|Any CPU = Release|Any CPU
	EndGlobalSection
	GlobalSection(ProjectConfigurationPlatforms) = postSolution
		{C82D0CA3-AEFB-4CBC-953C-F2A97B9B2402}.Debug|Any CPU.ActiveCfg = Debug|Any CPU
		{C82D0CA3-AEFB-4CBC-953C-F2A97B9B2402}.Debug|Any CPU.Build.0 = Debug|Any CPU
		{C82D0CA3-AEFB-4CBC-953C-F2A97B9B2402}.Release|Any CPU.ActiveCfg = Release|Any CPU
		{C82D0CA3-AEFB-4CBC-953C-F2A97B9B2402}.Release|Any CPU.Build.0 = Release|Any CPU
		{FA392597-B763-4235-A094-5B29B7993A78}.Debug|Any CPU.ActiveCfg = Debug|Any CPU
		{FA392597-B763-4235-A094-5B29B7993A78}.Debug|Any CPU.Build.0 = Debug|Any CPU
		{FA392597-B763-4235-A094-5B29B7993A78}.Release|Any CPU.ActiveCfg = Release|Any CPU
		{FA392597-B763-4235-A094-5B29B7993A78}.Release|Any CPU.Build.0 = Release|Any CPU
	EndGlobalSection
	GlobalSection(SolutionProperties) = preSolution
		HideSolutionNode = FALSE
	EndGlobalSection
	GlobalSection(ExtensibilityGlobals) = postSolution
		SolutionGuid = {BD295A61-6FEF-422C-98C5-AAC11C71D4D7}
	EndGlobalSection
EndGlobal
