
Microsoft Visual Studio Solution File, Format Version 12.00
# Visual Studio Version 16
VisualStudioVersion = 16.0.31702.278
MinimumVisualStudioVersion = 10.0.40219.1
Project("{FAE04EC0-301F-11D3-BF4B-00C04F79EFBC}") = "task1extent", "task1extent.csproj", "{46B91812-B65F-4E5B-9580-FFE2D2BD0DCC}"
EndProject
Global
	GlobalSection(SolutionConfigurationPlatforms) = preSolution
		Debug|Any CPU = Debug|Any CPU
		Release|Any CPU = Release|Any CPU
	EndGlobalSection
	GlobalSection(ProjectConfigurationPlatforms) = postSolution
		{46B91812-B65F-4E5B-9580-FFE2D2BD0DCC}.Debug|Any CPU.ActiveCfg = Debug|Any CPU
		{46B91812-B65F-4E5B-9580-FFE2D2BD0DCC}.Debug|Any CPU.Build.0 = Debug|Any CPU
		{46B91812-B65F-4E5B-9580-FFE2D2BD0DCC}.Release|Any CPU.ActiveCfg = Release|Any CPU
		{46B91812-B65F-4E5B-9580-FFE2D2BD0DCC}.Release|Any CPU.Build.0 = Release|Any CPU
	EndGlobalSection
	GlobalSection(SolutionProperties) = preSolution
		HideSolutionNode = FALSE
	EndGlobalSection
	GlobalSection(ExtensibilityGlobals) = postSolution
		SolutionGuid = {671F656F-BF78-4812-8841-2D44712F4D16}
	EndGlobalSection
EndGlobal
